
Microsoft Visual Studio Solution File, Format Version 12.00
# Visual Studio 15
VisualStudioVersion = 15.0.28307.421
MinimumVisualStudioVersion = 10.0.40219.1
Project("{FAE04EC0-301F-11D3-BF4B-00C04F79EFBC}") = "PizzaStore", "PizzaStore\PizzaStore.csproj", "{407CE460-8757-49EC-8CD6-D6FE3EC87DB1}"
EndProject
Global
	GlobalSection(SolutionConfigurationPlatforms) = preSolution
		Debug|Any CPU = Debug|Any CPU
		Release|Any CPU = Release|Any CPU
	EndGlobalSection
	GlobalSection(ProjectConfigurationPlatforms) = postSolution
		{407CE460-8757-49EC-8CD6-D6FE3EC87DB1}.Debug|Any CPU.ActiveCfg = Debug|Any CPU
		{407CE460-8757-49EC-8CD6-D6FE3EC87DB1}.Debug|Any CPU.Build.0 = Debug|Any CPU
		{407CE460-8757-49EC-8CD6-D6FE3EC87DB1}.Release|Any CPU.ActiveCfg = Release|Any CPU
		{407CE460-8757-49EC-8CD6-D6FE3EC87DB1}.Release|Any CPU.Build.0 = Release|Any CPU
	EndGlobalSection
	GlobalSection(SolutionProperties) = preSolution
		HideSolutionNode = FALSE
	EndGlobalSection
	GlobalSection(ExtensibilityGlobals) = postSolution
		SolutionGuid = {C09A9CC6-F25D-4E93-88F1-5A56C99F2329}
	EndGlobalSection
EndGlobal
